PODS:
  - Alamofire (5.4.3)
  - AlamofireURLCache5 (0.5.0):
    - Alamofire (~> 5.2)
  - Kingfisher (6.3.0)
  - MBProgressHUD (1.2.0)
  - Reusable (4.1.1):
    - Reusable/Storyboard (= 4.1.1)
    - Reusable/View (= 4.1.1)
  - Reusable/Storyboard (4.1.1)
  - Reusable/View (4.1.1)
  - RxCocoa (6.2.0):
    - RxRelay (= 6.2.0)
    - RxSwift (= 6.2.0)
  - RxRelay (6.2.0):
    - RxSwift (= 6.2.0)
  - RxSwift (6.2.0)
  - SnapKit (5.0.1)
  - Then (2.7.0)

DEPENDENCIES:
  - Alamofire
  - AlamofireURLCache5
  - Kingfisher
  - MBProgressHUD
  - Reusable
  - RxCocoa
  - RxSwift
  - SnapKit
  - Then

SPEC REPOS:
  trunk:
    - Alamofire
    - AlamofireURLCache5
    - Kingfisher
    - MBProgressHUD
    - Reusable
    - RxCocoa
    - RxRelay
    - RxSwift
    - SnapKit
    - Then

SPEC CHECKSUMS:
  Alamofire: e447a2774a40c996748296fa2c55112fdbbc42f9
  AlamofireURLCache5: b839c7db7c61bf40bdf467896eb587baecafb2c0
  Kingfisher: 6c3df386db71d82c0817a429d2c9421a77396529
  MBProgressHUD: 3ee5efcc380f6a79a7cc9b363dd669c5e1ae7406
  Reusable: 53a9acf5c536f229b31b5865782414b508252ddb
  RxCocoa: 4baf94bb35f2c0ab31bc0cb9f1900155f646ba42
  RxRelay: e72dbfd157807478401ef1982e1c61c945c94b2f
  RxSwift: d356ab7bee873611322f134c5f9ef379fa183d8f
  SnapKit: 97b92857e3df3a0c71833cce143274bf6ef8e5eb
  Then: acfe0be7e98221c6204e12f8161459606d5d822d

PODFILE CHECKSUM: a02efa2457ede6077536d6099827300c60149738

COCOAPODS: 1.10.1
